
Microsoft Visual Studio Solution File, Format Version 12.00
# Visual Studio Version 17
VisualStudioVersion = 17.0.31903.59
MinimumVisualStudioVersion = 10.0.40219.1
Project("{2150E333-8FDC-42A3-9474-1A3956D46DE8}") = "src", "src", "{31C1059D-667D-4D10-9035-53D6AAB6D204}"
EndProject
Project("{FAE04EC0-301F-11D3-BF4B-00C04F79EFBC}") = "Game.Mod.Contract", "src\Game.Mod.Contract\Game.Mod.Contract.csproj", "{8326F9EA-3B91-4B98-8B14-F0F5183B9CEC}"
EndProject
Project("{FAE04EC0-301F-11D3-BF4B-00C04F79EFBC}") = "Game.ECS", "src\Game.ECS\Game.ECS.csproj", "{A9751EBA-E7B4-43BE-8870-C9C16CDC9472}"
EndProject
Project("{FAE04EC0-301F-11D3-BF4B-00C04F79EFBC}") = "Game.Messaging", "src\Game.Messaging\Game.Messaging.csproj", "{CFE075FC-F512-47FA-BEF7-62B5A6BF23F5}"
EndProject
Project("{FAE04EC0-301F-11D3-BF4B-00C04F79EFBC}") = "Game.Mod.Runtime", "src\Game.Mod.Runtime\Game.Mod.Runtime.csproj", "{B7E3A1C2-4F5D-4E6A-9B8C-1D2E3F4A5B6C}"
EndProject
Global
	GlobalSection(SolutionConfigurationPlatforms) = preSolution
		Debug|Any CPU = Debug|Any CPU
		Release|Any CPU = Release|Any CPU
	EndGlobalSection
	GlobalSection(SolutionProperties) = preSolution
		HideSolutionNode = FALSE
	EndGlobalSection
	GlobalSection(ProjectConfigurationPlatforms) = postSolution
		{8326F9EA-3B91-4B98-8B14-F0F5183B9CEC}.Debug|Any CPU.ActiveCfg = Debug|Any CPU
		{8326F9EA-3B91-4B98-8B14-F0F5183B9CEC}.Debug|Any CPU.Build.0 = Debug|Any CPU
		{8326F9EA-3B91-4B98-8B14-F0F5183B9CEC}.Release|Any CPU.ActiveCfg = Release|Any CPU
		{8326F9EA-3B91-4B98-8B14-F0F5183B9CEC}.Release|Any CPU.Build.0 = Release|Any CPU
		{A9751EBA-E7B4-43BE-8870-C9C16CDC9472}.Debug|Any CPU.ActiveCfg = Debug|Any CPU
		{A9751EBA-E7B4-43BE-8870-C9C16CDC9472}.Debug|Any CPU.Build.0 = Debug|Any CPU
		{A9751EBA-E7B4-43BE-8870-C9C16CDC9472}.Release|Any CPU.ActiveCfg = Release|Any CPU
		{A9751EBA-E7B4-43BE-8870-C9C16CDC9472}.Release|Any CPU.Build.0 = Release|Any CPU
		{CFE075FC-F512-47FA-BEF7-62B5A6BF23F5}.Debug|Any CPU.ActiveCfg = Debug|Any CPU
		{CFE075FC-F512-47FA-BEF7-62B5A6BF23F5}.Debug|Any CPU.Build.0 = Debug|Any CPU
		{CFE075FC-F512-47FA-BEF7-62B5A6BF23F5}.Release|Any CPU.ActiveCfg = Release|Any CPU
		{CFE075FC-F512-47FA-BEF7-62B5A6BF23F5}.Release|Any CPU.Build.0 = Release|Any CPU
		{B7E3A1C2-4F5D-4E6A-9B8C-1D2E3F4A5B6C}.Debug|Any CPU.ActiveCfg = Debug|Any CPU
		{B7E3A1C2-4F5D-4E6A-9B8C-1D2E3F4A5B6C}.Debug|Any CPU.Build.0 = Debug|Any CPU
		{B7E3A1C2-4F5D-4E6A-9B8C-1D2E3F4A5B6C}.Release|Any CPU.ActiveCfg = Release|Any CPU
		{B7E3A1C2-4F5D-4E6A-9B8C-1D2E3F4A5B6C}.Release|Any CPU.Build.0 = Release|Any CPU
	EndGlobalSection
	GlobalSection(NestedProjects) = preSolution
		{8326F9EA-3B91-4B98-8B14-F0F5183B9CEC} = {31C1059D-667D-4D10-9035-53D6AAB6D204}
		{A9751EBA-E7B4-43BE-8870-C9C16CDC9472} = {31C1059D-667D-4D10-9035-53D6AAB6D204}
		{CFE075FC-F512-47FA-BEF7-62B5A6BF23F5} = {31C1059D-667D-4D10-9035-53D6AAB6D204}
		{B7E3A1C2-4F5D-4E6A-9B8C-1D2E3F4A5B6C} = {31C1059D-667D-4D10-9035-53D6AAB6D204}
	EndGlobalSection
EndGlobal
