
Microsoft Visual Studio Solution File, Format Version 12.00
# Visual Studio Version 17
VisualStudioVersion = 17.0.31903.59
MinimumVisualStudioVersion = 10.0.40219.1
Project("{2150E333-8FDC-42A3-9474-1A3956D46DE8}") = "src", "src", "{86CF1C74-FF4A-485D-8AA6-78F270E04AF6}"
EndProject
Project("{FAE04EC0-301F-11D3-BF4B-00C04F79EFBC}") = "ModServer", "src\ModServer\ModServer.csproj", "{2689ED95-A718-4D27-ACB3-A4FC1B9606E1}"
EndProject
Global
	GlobalSection(SolutionConfigurationPlatforms) = preSolution
		Debug|Any CPU = Debug|Any CPU
		Release|Any CPU = Release|Any CPU
	EndGlobalSection
	GlobalSection(SolutionProperties) = preSolution
		HideSolutionNode = FALSE
	EndGlobalSection
	GlobalSection(ProjectConfigurationPlatforms) = postSolution
		{2689ED95-A718-4D27-ACB3-A4FC1B9606E1}.Debug|Any CPU.ActiveCfg = Debug|Any CPU
		{2689ED95-A718-4D27-ACB3-A4FC1B9606E1}.Debug|Any CPU.Build.0 = Debug|Any CPU
		{2689ED95-A718-4D27-ACB3-A4FC1B9606E1}.Release|Any CPU.ActiveCfg = Release|Any CPU
		{2689ED95-A718-4D27-ACB3-A4FC1B9606E1}.Release|Any CPU.Build.0 = Release|Any CPU
	EndGlobalSection
	GlobalSection(NestedProjects) = preSolution
		{2689ED95-A718-4D27-ACB3-A4FC1B9606E1} = {86CF1C74-FF4A-485D-8AA6-78F270E04AF6}
	EndGlobalSection
EndGlobal
